PODS:
  - Amplitude-iOS (4.8.2)
  - Analytics (3.7.0)
  - AppAuth (1.4.0):
    - AppAuth/Core (= 1.4.0)
    - AppAuth/ExternalUserAgent (= 1.4.0)
  - AppAuth/Core (1.4.0)
  - AppAuth/ExternalUserAgent (1.4.0)
  - appsflyer_sdk (6.2.0):
    - AppsFlyerFramework (= 6.3.5)
    - Flutter
  - AppsFlyerFramework (6.3.5):
    - AppsFlyerFramework/Main (= 6.3.5)
  - AppsFlyerFramework/Main (6.3.5)
  - cloud_firestore (1.0.7):
    - Firebase/Firestore (= 8.11.0)
    - firebase_core
    - Flutter
  - device_info (0.0.1):
    - Flutter
  - dyte_client (0.0.5):
    - DyteSdk (~> 1.33)
    - Flutter
  - DyteSdk (1.33.0)
  - FBSDKCoreKit (11.0.1):
    - FBSDKCoreKit/Core (= 11.0.1)
  - FBSDKCoreKit/Core (11.0.1):
    - FBSDKCoreKit_Basics (~> 11.0.1)
  - FBSDKCoreKit_Basics (11.0.1):
    - FBSDKCoreKit_Basics/Basics (= 11.0.1)
  - FBSDKCoreKit_Basics/Basics (11.0.1)
  - FBSDKLoginKit (11.0.1):
    - FBSDKLoginKit/Login (= 11.0.1)
  - FBSDKLoginKit/Login (11.0.1):
    - FBSDKCoreKit (~> 11.0.1)
    - FBSDKCoreKit_Basics (~> 11.0.1)
  - Firebase/CoreOnly (8.11.0):
    - FirebaseCore (= 8.11.0)
  - Firebase/DynamicLinks (8.11.0):
    - Firebase/CoreOnly
    - FirebaseDynamicLinks (~> 8.11.0)
  - Firebase/Firestore (8.11.0):
    - Firebase/CoreOnly
    - FirebaseFirestore (~> 8.11.0)
  - firebase_core (1.12.0):
    - Firebase/CoreOnly (= 8.11.0)
    - Flutter
  - firebase_dynamic_links (3.0.2):
    - Firebase/DynamicLinks (= 8.11.0)
    - firebase_core
    - Flutter
  - FirebaseCore (8.11.0):
    - FirebaseCoreDiagnostics (~> 8.0)
    - GoogleUtilities/Environment (~> 7.7)
    - GoogleUtilities/Logger (~> 7.7)
  - FirebaseCoreDiagnostics (8.12.0):
    - GoogleDataTransport (~> 9.1)
    - GoogleUtilities/Environment (~> 7.7)
    - GoogleUtilities/Logger (~> 7.7)
    - nanopb (~> 2.30908.0)
  - FirebaseDynamicLinks (8.11.0):
    - FirebaseCore (~> 8.0)
  - FirebaseFirestore (8.11.0):
    - FirebaseFirestore/AutodetectLeveldb (= 8.11.0)
  - FirebaseFirestore/AutodetectLeveldb (8.11.0):
    - FirebaseFirestore/Base
    - FirebaseFirestore/WithLeveldb
  - FirebaseFirestore/Base (8.11.0)
  - FirebaseFirestore/WithLeveldb (8.11.0):
    - FirebaseFirestore/Base
  - Flutter (1.0.0)
  - flutter_custom_tabs (0.0.1):
    - Flutter
  - flutter_facebook_auth (2.0.0):
    - FBSDKCoreKit (~> 11.0.0)
    - FBSDKLoginKit (~> 11.0.0)
    - Flutter
  - flutter_segment (0.0.1):
    - Analytics (= 3.7.0)
    - Flutter
    - Segment-Amplitude (= 3.0.1)
  - fluttertoast (0.0.2):
    - Flutter
    - Toast
  - FMDB (2.7.5):
    - FMDB/standard (= 2.7.5)
  - FMDB/standard (2.7.5)
  - google_sign_in (0.0.1):
    - Flutter
    - GoogleSignIn (~> 5.0)
  - GoogleDataTransport (9.1.2):
    - GoogleUtilities/Environment (~> 7.2)
    - nanopb (~> 2.30908.0)
    - PromisesObjC (< 3.0, >= 1.2)
  - GoogleSignIn (5.0.2):
    - AppAuth (~> 1.2)
    - GTMAppAuth (~> 1.0)
    - GTMSessionFetcher/Core (~> 1.1)
  - GoogleUtilities/Environment (7.7.0):
    - PromisesObjC (< 3.0, >= 1.2)
  - GoogleUtilities/Logger (7.7.0):
    - GoogleUtilities/Environment
  - GTMAppAuth (1.2.2):
    - AppAuth/Core (~> 1.4)
    - GTMSessionFetcher/Core (~> 1.5)
  - GTMSessionFetcher/Core (1.7.0)
  - image_picker (0.0.1):
    - Flutter
  - Intercom (10.0.3)
  - intercom_flutter (4.0.0):
    - Flutter
    - Intercom (~> 10.0.2)
  - libphonenumber (0.0.1):
    - Flutter
    - libPhoneNumber-iOS
  - libPhoneNumber-iOS (0.9.15)
  - nanopb (2.30908.0):
    - nanopb/decode (= 2.30908.0)
    - nanopb/encode (= 2.30908.0)
  - nanopb/decode (2.30908.0)
  - nanopb/encode (2.30908.0)
  - OneSignal (3.10.1)
  - onesignal_flutter (3.2.3):
    - Flutter
    - OneSignalXCFramework (= 3.7.0)
  - OneSignalXCFramework (3.7.0)
  - package_info (0.0.1):
    - Flutter
  - path_provider (0.0.1):
    - Flutter
  - "permission_handler (5.1.0+2)":
    - Flutter
  - phone_number (0.12.0):
    - Flutter
    - PhoneNumberKit/PhoneNumberKitCore (= 3.3.3)
  - PhoneNumberKit/PhoneNumberKitCore (3.3.3)
  - PromisesObjC (2.0.0)
  - Segment-Amplitude (3.0.1):
    - Amplitude-iOS (~> 4.8.0)
    - Analytics (~> 3.7.0)
  - share (0.0.1):
    - Flutter
  - shared_preferences (0.0.1):
    - Flutter
  - sign_in_with_apple (0.0.1):
    - Flutter
  - sqflite (0.0.2):
    - Flutter
    - FMDB (>= 2.7.5)
  - Toast (4.0.0)
  - url_launcher (0.0.1):
    - Flutter
  - UserLeapKit (4.2.1)
  - video_player (0.0.1):
    - Flutter
  - wakelock (0.0.1):
    - Flutter
  - webview_flutter (0.0.1):
    - Flutter

DEPENDENCIES:
  - appsflyer_sdk (from `.symlinks/plugins/appsflyer_sdk/ios`)
  - cloud_firestore (from `.symlinks/plugins/cloud_firestore/ios`)
  - device_info (from `.symlinks/plugins/device_info/ios`)
  - dyte_client (from `.symlinks/plugins/dyte_client/ios`)
  - firebase_core (from `.symlinks/plugins/firebase_core/ios`)
  - firebase_dynamic_links (from `.symlinks/plugins/firebase_dynamic_links/ios`)
  - FirebaseFirestore (from `https://github.com/invertase/firestore-ios-sdk-frameworks.git`, tag `8.11.0`)
  - Flutter (from `Flutter`)
  - flutter_custom_tabs (from `.symlinks/plugins/flutter_custom_tabs/ios`)
  - flutter_facebook_auth (from `.symlinks/plugins/flutter_facebook_auth/ios`)
  - flutter_segment (from `.symlinks/plugins/flutter_segment/ios`)
  - fluttertoast (from `.symlinks/plugins/fluttertoast/ios`)
  - google_sign_in (from `.symlinks/plugins/google_sign_in/ios`)
  - image_picker (from `.symlinks/plugins/image_picker/ios`)
  - intercom_flutter (from `.symlinks/plugins/intercom_flutter/ios`)
  - libphonenumber (from `.symlinks/plugins/libphonenumber/ios`)
  - OneSignal (< 4.0, >= 3.0.0)
  - onesignal_flutter (from `.symlinks/plugins/onesignal_flutter/ios`)
  - package_info (from `.symlinks/plugins/package_info/ios`)
  - path_provider (from `.symlinks/plugins/path_provider/ios`)
  - permission_handler (from `.symlinks/plugins/permission_handler/ios`)
  - phone_number (from `.symlinks/plugins/phone_number/ios`)
  - share (from `.symlinks/plugins/share/ios`)
  - shared_preferences (from `.symlinks/plugins/shared_preferences/ios`)
  - sign_in_with_apple (from `.symlinks/plugins/sign_in_with_apple/ios`)
  - sqflite (from `.symlinks/plugins/sqflite/ios`)
  - url_launcher (from `.symlinks/plugins/url_launcher/ios`)
  - UserLeapKit (~> 4.2.0)
  - video_player (from `.symlinks/plugins/video_player/ios`)
  - wakelock (from `.symlinks/plugins/wakelock/ios`)
  - webview_flutter (from `.symlinks/plugins/webview_flutter/ios`)

SPEC REPOS:
  trunk:
    - Amplitude-iOS
    - Analytics
    - AppAuth
    - AppsFlyerFramework
    - DyteSdk
    - FBSDKCoreKit
    - FBSDKCoreKit_Basics
    - FBSDKLoginKit
    - Firebase
    - FirebaseCore
    - FirebaseCoreDiagnostics
    - FirebaseDynamicLinks
    - FMDB
    - GoogleDataTransport
    - GoogleSignIn
    - GoogleUtilities
    - GTMAppAuth
    - GTMSessionFetcher
    - Intercom
    - libPhoneNumber-iOS
    - nanopb
    - OneSignal
    - OneSignalXCFramework
    - PhoneNumberKit
    - PromisesObjC
    - Segment-Amplitude
    - Toast
    - UserLeapKit

EXTERNAL SOURCES:
  appsflyer_sdk:
    :path: ".symlinks/plugins/appsflyer_sdk/ios"
  cloud_firestore:
    :path: ".symlinks/plugins/cloud_firestore/ios"
  device_info:
    :path: ".symlinks/plugins/device_info/ios"
  dyte_client:
    :path: ".symlinks/plugins/dyte_client/ios"
  firebase_core:
    :path: ".symlinks/plugins/firebase_core/ios"
  firebase_dynamic_links:
    :path: ".symlinks/plugins/firebase_dynamic_links/ios"
  FirebaseFirestore:
    :git: https://github.com/invertase/firestore-ios-sdk-frameworks.git
    :tag: 8.11.0
  Flutter:
    :path: Flutter
  flutter_custom_tabs:
    :path: ".symlinks/plugins/flutter_custom_tabs/ios"
  flutter_facebook_auth:
    :path: ".symlinks/plugins/flutter_facebook_auth/ios"
  flutter_segment:
    :path: ".symlinks/plugins/flutter_segment/ios"
  fluttertoast:
    :path: ".symlinks/plugins/fluttertoast/ios"
  google_sign_in:
    :path: ".symlinks/plugins/google_sign_in/ios"
  image_picker:
    :path: ".symlinks/plugins/image_picker/ios"
  intercom_flutter:
    :path: ".symlinks/plugins/intercom_flutter/ios"
  libphonenumber:
    :path: ".symlinks/plugins/libphonenumber/ios"
  onesignal_flutter:
    :path: ".symlinks/plugins/onesignal_flutter/ios"
  package_info:
    :path: ".symlinks/plugins/package_info/ios"
  path_provider:
    :path: ".symlinks/plugins/path_provider/ios"
  permission_handler:
    :path: ".symlinks/plugins/permission_handler/ios"
  phone_number:
    :path: ".symlinks/plugins/phone_number/ios"
  share:
    :path: ".symlinks/plugins/share/ios"
  shared_preferences:
    :path: ".symlinks/plugins/shared_preferences/ios"
  sign_in_with_apple:
    :path: ".symlinks/plugins/sign_in_with_apple/ios"
  sqflite:
    :path: ".symlinks/plugins/sqflite/ios"
  url_launcher:
    :path: ".symlinks/plugins/url_launcher/ios"
  video_player:
    :path: ".symlinks/plugins/video_player/ios"
  wakelock:
    :path: ".symlinks/plugins/wakelock/ios"
  webview_flutter:
    :path: ".symlinks/plugins/webview_flutter/ios"

CHECKOUT OPTIONS:
  FirebaseFirestore:
    :git: https://github.com/invertase/firestore-ios-sdk-frameworks.git
    :tag: 8.11.0

SPEC CHECKSUMS:
  Amplitude-iOS: 46c8e6e65c49bb1ad1909a9add1a68e1f8562b3f
  Analytics: 77fd5fb102a4a5eedafa2c2b0245ceb7b7c15e45
  AppAuth: 31bcec809a638d7bd2f86ea8a52bd45f6e81e7c7
  appsflyer_sdk: b5dc59a4f6ec5703c62a85a26da35ea28c571bbe
  AppsFlyerFramework: fa7e2e8234e6d285256bcb948eb2b77aee84ba81
  cloud_firestore: 59044583635e60717fef32a8193990ec6d1c7e66
  device_info: d7d233b645a32c40dfdc212de5cf646ca482f175
  dyte_client: 7913e6a7e28ae368b542a75f595e5e5e817b1f56
  DyteSdk: 4709b2e75073b41b5436863656c612f246ea5dab
  FBSDKCoreKit: 38c9e29a3f1436362acacff6486d3a28628c288f
  FBSDKCoreKit_Basics: 06780a4a12e16596bde8406add02c6aa1bf38616
  FBSDKLoginKit: 8243e04c590c38b85c69fcf09d1234514d2475c3
  Firebase: 44dd9724c84df18b486639e874f31436eaa9a20c
  firebase_core: 443bccfd6aa6b42f07be365b500773dc69db2d87
  firebase_dynamic_links: ccb1b9c84f4374627b607e5f4859450b6ef33920
  FirebaseCore: 2f4f85b453cc8fea4bb2b37e370007d2bcafe3f0
  FirebaseCoreDiagnostics: 3b40dfadef5b90433a60ae01f01e90fe87aa76aa
  FirebaseDynamicLinks: f506c83eb7eba0f9861f84cd6b65c38b3bd5ff6f
  FirebaseFirestore: 8a0c6a06219bbaad86c72bcb66688c28995dde84
  Flutter: 434fef37c0980e73bb6479ef766c45957d4b510c
  flutter_custom_tabs: 7a10a08686955cb748e5d26e0ae586d30689bf89
  flutter_facebook_auth: abc044072738b7baa90d80583dabdb1211614f0d
  flutter_segment: f20a38d465030de0f1b2aa9325cef9c1442b0721
  fluttertoast: 6122fa75143e992b1d3470f61000f591a798cc58
  FMDB: 2ce00b547f966261cd18927a3ddb07cb6f3db82a
  google_sign_in: 952c378b33dc5a0bf4bcb2d12afe9ac70b3239fb
  GoogleDataTransport: 629c20a4d363167143f30ea78320d5a7eb8bd940
  GoogleSignIn: 7137d297ddc022a7e0aa4619c86d72c909fa7213
  GoogleUtilities: e0913149f6b0625b553d70dae12b49fc62914fd1
  GTMAppAuth: ad5c2b70b9a8689e1a04033c9369c4915bfcbe89
  GTMSessionFetcher: 43748f93435c2aa068b1cbe39655aaf600652e91
  image_picker: e06f7a68f000bd36f552c1847e33cda96ed31f1f
  Intercom: 7a58cfdfaa67a2f98f7256cd5d09c87fbc29cb7d
  intercom_flutter: 38838a418f85a7c38ebee69609e4ff800aabb633
  libphonenumber: bd14d5abfc5939ab0b0767234e2d8e2593af258e
  libPhoneNumber-iOS: 0a32a9525cf8744fe02c5206eb30d571e38f7d75
  nanopb: a0ba3315591a9ae0a16a309ee504766e90db0c96
  OneSignal: ce7e3c514b016b98211b3d0458de156b8cc82aec
  onesignal_flutter: abfc75e8d08a0d9c977aacfab9454af58f4f4fcc
  OneSignalXCFramework: 974dc438d68910cf04f3c8ab034e0131d41438c1
  package_info: 873975fc26034f0b863a300ad47e7f1ac6c7ec62
  path_provider: abfe2b5c733d04e238b0d8691db0cfd63a27a93c
  permission_handler: ccb20a9fad0ee9b1314a52b70b76b473c5f8dab0
  phone_number: 667dd76f1ae3ee67ac0cb95d6b603c3a5aa7077e
  PhoneNumberKit: 4ce83273551c4d2ae10b7361162f4283dd02835f
  PromisesObjC: 68159ce6952d93e17b2dfe273b8c40907db5ba58
  Segment-Amplitude: 1b3b02a2e92f4b08a413a72bf7aa44f78566ab3b
  share: 0b2c3e82132f5888bccca3351c504d0003b3b410
  shared_preferences: af6bfa751691cdc24be3045c43ec037377ada40d
  sign_in_with_apple: f3bf75217ea4c2c8b91823f225d70230119b8440
  sqflite: 6d358c025f5b867b29ed92fc697fd34924e11904
  Toast: 91b396c56ee72a5790816f40d3a94dd357abc196
  url_launcher: 6fef411d543ceb26efce54b05a0a40bfd74cbbef
  UserLeapKit: 58859c55f0b8fd568f23ff21ef5b96bb48920fb3
  video_player: 9cc823b1d9da7e8427ee591e8438bfbcde500e6e
  wakelock: d0fc7c864128eac40eba1617cb5264d9c940b46f
  webview_flutter: 3603125dfd3bcbc9d8d418c3f80aeecf331c068b

PODFILE CHECKSUM: b3b18059dc7ce7eef448c751295f9135860381eb

COCOAPODS: 1.11.2
